
Microsoft Visual Studio Solution File, Format Version 12.00
# Visual Studio 15
VisualStudioVersion = 15.0.28010.2003
MinimumVisualStudioVersion = 10.0.40219.1
Project("{FAE04EC0-301F-11D3-BF4B-00C04F79EFBC}") = "List-RandomSquare", "List-RandomSquare\List-RandomSquare.csproj", "{E7F5178D-4E9F-47C4-9592-0BF6F758DC18}"
EndProject
Global
	GlobalSection(SolutionConfigurationPlatforms) = preSolution
		Debug|Any CPU = Debug|Any CPU
		Release|Any CPU = Release|Any CPU
	EndGlobalSection
	GlobalSection(ProjectConfigurationPlatforms) = postSolution
		{E7F5178D-4E9F-47C4-9592-0BF6F758DC18}.Debug|Any CPU.ActiveCfg = Debug|Any CPU
		{E7F5178D-4E9F-47C4-9592-0BF6F758DC18}.Debug|Any CPU.Build.0 = Debug|Any CPU
		{E7F5178D-4E9F-47C4-9592-0BF6F758DC18}.Release|Any CPU.ActiveCfg = Release|Any CPU
		{E7F5178D-4E9F-47C4-9592-0BF6F758DC18}.Release|Any CPU.Build.0 = Release|Any CPU
	EndGlobalSection
	GlobalSection(SolutionProperties) = preSolution
		HideSolutionNode = FALSE
	EndGlobalSection
	GlobalSection(ExtensibilityGlobals) = postSolution
		SolutionGuid = {C36314B7-DCFD-46B6-8AF5-2F8CB53861CE}
	EndGlobalSection
EndGlobal
